
Microsoft Visual Studio Solution File, Format Version 12.00
# Visual Studio 15
Project("{FAE04EC0-301F-11D3-BF4B-00C04F79EFBC}") = "PewPewPowPowUnity", "PewPewPowPowUnity.csproj", "{3EFA572C-B291-D9A5-E25D-D9B9D9E110B9}"
EndProject
Project("{FAE04EC0-301F-11D3-BF4B-00C04F79EFBC}") = "PewPewPowPowUnity.Plugins", "PewPewPowPowUnity.Plugins.csproj", "{76C2B18C-39CD-D54B-1B9A-B37D74482AAA}"
EndProject
Project("{FAE04EC0-301F-11D3-BF4B-00C04F79EFBC}") = "PewPewPowPowUnity.Editor", "PewPewPowPowUnity.Editor.csproj", "{BF03456F-B5DC-43F9-6722-51D3704D5157}"
EndProject
Project("{FAE04EC0-301F-11D3-BF4B-00C04F79EFBC}") = "PewPewPowPowUnity.Editor.Plugins", "PewPewPowPowUnity.Editor.Plugins.csproj", "{568D999B-1468-FEBA-A7B2-9949CFCF5BD7}"
EndProject
Global
	GlobalSection(SolutionConfigurationPlatforms) = preSolution
		Debug|Any CPU = Debug|Any CPU
		Release|Any CPU = Release|Any CPU
	EndGlobalSection
	GlobalSection(ProjectConfigurationPlatforms) = postSolution
		{3EFA572C-B291-D9A5-E25D-D9B9D9E110B9}.Debug|Any CPU.ActiveCfg = Debug|Any CPU
		{3EFA572C-B291-D9A5-E25D-D9B9D9E110B9}.Debug|Any CPU.Build.0 = Debug|Any CPU
		{3EFA572C-B291-D9A5-E25D-D9B9D9E110B9}.Release|Any CPU.ActiveCfg = Release|Any CPU
		{3EFA572C-B291-D9A5-E25D-D9B9D9E110B9}.Release|Any CPU.Build.0 = Release|Any CPU
		{76C2B18C-39CD-D54B-1B9A-B37D74482AAA}.Debug|Any CPU.ActiveCfg = Debug|Any CPU
		{76C2B18C-39CD-D54B-1B9A-B37D74482AAA}.Debug|Any CPU.Build.0 = Debug|Any CPU
		{76C2B18C-39CD-D54B-1B9A-B37D74482AAA}.Release|Any CPU.ActiveCfg = Release|Any CPU
		{76C2B18C-39CD-D54B-1B9A-B37D74482AAA}.Release|Any CPU.Build.0 = Release|Any CPU
		{BF03456F-B5DC-43F9-6722-51D3704D5157}.Debug|Any CPU.ActiveCfg = Debug|Any CPU
		{BF03456F-B5DC-43F9-6722-51D3704D5157}.Debug|Any CPU.Build.0 = Debug|Any CPU
		{BF03456F-B5DC-43F9-6722-51D3704D5157}.Release|Any CPU.ActiveCfg = Release|Any CPU
		{BF03456F-B5DC-43F9-6722-51D3704D5157}.Release|Any CPU.Build.0 = Release|Any CPU
		{568D999B-1468-FEBA-A7B2-9949CFCF5BD7}.Debug|Any CPU.ActiveCfg = Debug|Any CPU
		{568D999B-1468-FEBA-A7B2-9949CFCF5BD7}.Debug|Any CPU.Build.0 = Debug|Any CPU
		{568D999B-1468-FEBA-A7B2-9949CFCF5BD7}.Release|Any CPU.ActiveCfg = Release|Any CPU
		{568D999B-1468-FEBA-A7B2-9949CFCF5BD7}.Release|Any CPU.Build.0 = Release|Any CPU
	EndGlobalSection
	GlobalSection(SolutionProperties) = preSolution
		HideSolutionNode = FALSE
	EndGlobalSection
EndGlobal
